
Microsoft Visual Studio Solution File, Format Version 12.00
# Visual Studio 15
VisualStudioVersion = 15.0.27130.2024
MinimumVisualStudioVersion = 10.0.40219.1
Project("{FAE04EC0-301F-11D3-BF4B-00C04F79EFBC}") = "run", "run\run.csproj", "{386EAD2F-BEC5-4DEB-B525-CF426496AB8E}"
EndProject
Project("{FAE04EC0-301F-11D3-BF4B-00C04F79EFBC}") = "src", "src\src.csproj", "{51F81C70-58AD-4B96-B38F-E4C1A80F6232}"
EndProject
Project("{FAE04EC0-301F-11D3-BF4B-00C04F79EFBC}") = "test", "tests\test.csproj", "{5DCFF1A2-005C-40AD-A425-03B9F44A7529}"
EndProject
Global
	GlobalSection(SolutionConfigurationPlatforms) = preSolution
		Debug|Any CPU = Debug|Any CPU
		Release|Any CPU = Release|Any CPU
	EndGlobalSection
	GlobalSection(ProjectConfigurationPlatforms) = postSolution
		{386EAD2F-BEC5-4DEB-B525-CF426496AB8E}.Debug|Any CPU.ActiveCfg = Debug|Any CPU
		{386EAD2F-BEC5-4DEB-B525-CF426496AB8E}.Debug|Any CPU.Build.0 = Debug|Any CPU
		{386EAD2F-BEC5-4DEB-B525-CF426496AB8E}.Release|Any CPU.ActiveCfg = Release|Any CPU
		{386EAD2F-BEC5-4DEB-B525-CF426496AB8E}.Release|Any CPU.Build.0 = Release|Any CPU
		{51F81C70-58AD-4B96-B38F-E4C1A80F6232}.Debug|Any CPU.ActiveCfg = Debug|Any CPU
		{51F81C70-58AD-4B96-B38F-E4C1A80F6232}.Debug|Any CPU.Build.0 = Debug|Any CPU
		{51F81C70-58AD-4B96-B38F-E4C1A80F6232}.Release|Any CPU.ActiveCfg = Release|Any CPU
		{51F81C70-58AD-4B96-B38F-E4C1A80F6232}.Release|Any CPU.Build.0 = Release|Any CPU
		{5DCFF1A2-005C-40AD-A425-03B9F44A7529}.Debug|Any CPU.ActiveCfg = Debug|Any CPU
		{5DCFF1A2-005C-40AD-A425-03B9F44A7529}.Debug|Any CPU.Build.0 = Debug|Any CPU
		{5DCFF1A2-005C-40AD-A425-03B9F44A7529}.Release|Any CPU.ActiveCfg = Release|Any CPU
		{5DCFF1A2-005C-40AD-A425-03B9F44A7529}.Release|Any CPU.Build.0 = Release|Any CPU
	EndGlobalSection
	GlobalSection(SolutionProperties) = preSolution
		HideSolutionNode = FALSE
	EndGlobalSection
	GlobalSection(ExtensibilityGlobals) = postSolution
		SolutionGuid = {DF1BF7BC-199D-44D9-B334-6134E2AE7577}
	EndGlobalSection
EndGlobal
